// !$*UTF8*$!
{
	archiveVersion = 1;
	classes = {
	};
	objectVersion = 56;
	objects = {

/* Begin PBXBuildFile section */
		967F05B8295F2EB900A273EE /* AppDelegate.swift in Sources */ = {isa = PBXBuildFile; fileRef = 967F05B7295F2EB900A273EE /* AppDelegate.swift */; };
		967F05BA295F2EB900A273EE /* SceneDelegate.swift in Sources */ = {isa = PBXBuildFile; fileRef = 967F05B9295F2EB900A273EE /* SceneDelegate.swift */; };
		967F05BC295F2EB900A273EE /* ViewController.swift in Sources */ = {isa = PBXBuildFile; fileRef = 967F05BB295F2EB900A273EE /* ViewController.swift */; };
		967F05BF295F2EB900A273EE /* Main.storyboard in Resources */ = {isa = PBXBuildFile; fileRef = 967F05BD295F2EB900A273EE /* Main.storyboard */; };
		967F05C1295F2EBA00A273EE /* Assets.xcassets in Resources */ = {isa = PBXBuildFile; fileRef = 967F05C0295F2EBA00A273EE /* Assets.xcassets */; };
		967F05C4295F2EBA00A273EE /* LaunchScreen.storyboard in Resources */ = {isa = PBXBuildFile; fileRef = 967F05C2295F2EBA00A273EE /* LaunchScreen.storyboard */; };
		967F05CE295F2F1500A273EE /* ImageViewController.swift in Sources */ = {isa = PBXBuildFile; fileRef = 967F05CC295F2F1500A273EE /* ImageViewController.swift */; };
		967F05CF295F2F1500A273EE /* ImageViewController.xib in Resources */ = {isa = PBXBuildFile; fileRef = 967F05CD295F2F1500A273EE /* ImageViewController.xib */; };
		967F05D2295FF78C00A273EE /* ImagePresentTransition.swift in Sources */ = {isa = PBXBuildFile; fileRef = 967F05D1295FF78C00A273EE /* ImagePresentTransition.swift */; };
		967F05D429611BA900A273EE /* ImageDismissTransition.swift in Sources */ = {isa = PBXBuildFile; fileRef = 967F05D329611BA900A273EE /* ImageDismissTransition.swift */; };
		967F05D62961815500A273EE /* ImageTransitionManager.swift in Sources */ = {isa = PBXBuildFile; fileRef = 967F05D52961815500A273EE /* ImageTransitionManager.swift */; };
		F64012433CA4DC2516E42A1F /* Pods_ImageTransition.framework in Frameworks */ = {isa = PBXBuildFile; fileRef = 55DF5198B6EFF322FA2A09F8 /* Pods_ImageTransition.framework */; };
/* End PBXBuildFile section */

/* Begin PBXFileReference section */
		01B51DD21D698BC2AD550F2B /* Pods-ImageTransition.debug.xcconfig */ = {isa = PBXFileReference; includeInIndex = 1; lastKnownFileType = text.xcconfig; name = "Pods-ImageTransition.debug.xcconfig"; path = "Target Support Files/Pods-ImageTransition/Pods-ImageTransition.debug.xcconfig"; sourceTree = "<group>"; };
		55DF5198B6EFF322FA2A09F8 /* Pods_ImageTransition.framework */ = {isa = PBXFileReference; explicitFileType = wrapper.framework; includeInIndex = 0; path = Pods_ImageTransition.framework; sourceTree = BUILT_PRODUCTS_DIR; };
		7A61D21DC5DAA0272CC7F2B4 /* Pods-ImageTransition.release.xcconfig */ = {isa = PBXFileReference; includeInIndex = 1; lastKnownFileType = text.xcconfig; name = "Pods-ImageTransition.release.xcconfig"; path = "Target Support Files/Pods-ImageTransition/Pods-ImageTransition.release.xcconfig"; sourceTree = "<group>"; };
		967F05B4295F2EB900A273EE /* ImageTransition.app */ = {isa = PBXFileReference; explicitFileType = wrapper.application; includeInIndex = 0; path = ImageTransition.app; sourceTree = BUILT_PRODUCTS_DIR; };
		967F05B7295F2EB900A273EE /* AppDelegate.swift */ = {isa = PBXFileReference; lastKnownFileType = sourcecode.swift; path = AppDelegate.swift; sourceTree = "<group>"; };
		967F05B9295F2EB900A273EE /* SceneDelegate.swift */ = {isa = PBXFileReference; lastKnownFileType = sourcecode.swift; path = SceneDelegate.swift; sourceTree = "<group>"; };
		967F05BB295F2EB900A273EE /* ViewController.swift */ = {isa = PBXFileReference; lastKnownFileType = sourcecode.swift; path = ViewController.swift; sourceTree = "<group>"; };
		967F05BE295F2EB900A273EE /* Base */ = {isa = PBXFileReference; lastKnownFileType = file.storyboard; name = Base; path = Base.lproj/Main.storyboard; sourceTree = "<group>"; };
		967F05C0295F2EBA00A273EE /* Assets.xcassets */ = {isa = PBXFileReference; lastKnownFileType = folder.assetcatalog; path = Assets.xcassets; sourceTree = "<group>"; };
		967F05C3295F2EBA00A273EE /* Base */ = {isa = PBXFileReference; lastKnownFileType = file.storyboard; name = Base; path = Base.lproj/LaunchScreen.storyboard; sourceTree = "<group>"; };
		967F05C5295F2EBA00A273EE /* Info.plist */ = {isa = PBXFileReference; lastKnownFileType = text.plist.xml; path = Info.plist; sourceTree = "<group>"; };
		967F05CC295F2F1500A273EE /* ImageViewController.swift */ = {isa = PBXFileReference; lastKnownFileType = sourcecode.swift; path = ImageViewController.swift; sourceTree = "<group>"; };
		967F05CD295F2F1500A273EE /* ImageViewController.xib */ = {isa = PBXFileReference; lastKnownFileType = file.xib; path = ImageViewController.xib; sourceTree = "<group>"; };
		967F05D1295FF78C00A273EE /* ImagePresentTransition.swift */ = {isa = PBXFileReference; lastKnownFileType = sourcecode.swift; path = ImagePresentTransition.swift; sourceTree = "<group>"; };
		967F05D329611BA900A273EE /* ImageDismissTransition.swift */ = {isa = PBXFileReference; lastKnownFileType = sourcecode.swift; path = ImageDismissTransition.swift; sourceTree = "<group>"; };
		967F05D52961815500A273EE /* ImageTransitionManager.swift */ = {isa = PBXFileReference; lastKnownFileType = sourcecode.swift; path = ImageTransitionManager.swift; sourceTree = "<group>"; };
/* End PBXFileReference section */

/* Begin PBXFrameworksBuildPhase section */
		967F05B1295F2EB900A273EE /* Frameworks */ = {
			isa = PBXFrameworksBuildPhase;
			buildActionMask = 2147483647;
			files = (
				F64012433CA4DC2516E42A1F /* Pods_ImageTransition.framework in Frameworks */,
			);
			runOnlyForDeploymentPostprocessing = 0;
		};
/* End PBXFrameworksBuildPhase section */

/* Begin PBXGroup section */
		06041208A8E5FCE35BB9E74D /* Frameworks */ = {
			isa = PBXGroup;
			children = (
				55DF5198B6EFF322FA2A09F8 /* Pods_ImageTransition.framework */,
			);
			name = Frameworks;
			sourceTree = "<group>";
		};
		123CE86F520ED822BC636D74 /* Pods */ = {
			isa = PBXGroup;
			children = (
				01B51DD21D698BC2AD550F2B /* Pods-ImageTransition.debug.xcconfig */,
				7A61D21DC5DAA0272CC7F2B4 /* Pods-ImageTransition.release.xcconfig */,
			);
			name = Pods;
			path = Pods;
			sourceTree = "<group>";
		};
		967F05AB295F2EB900A273EE = {
			isa = PBXGroup;
			children = (
				967F05B6295F2EB900A273EE /* ImageTransition */,
				967F05B5295F2EB900A273EE /* Products */,
				123CE86F520ED822BC636D74 /* Pods */,
				06041208A8E5FCE35BB9E74D /* Frameworks */,
			);
			sourceTree = "<group>";
		};
		967F05B5295F2EB900A273EE /* Products */ = {
			isa = PBXGroup;
			children = (
				967F05B4295F2EB900A273EE /* ImageTransition.app */,
			);
			name = Products;
			sourceTree = "<group>";
		};
		967F05B6295F2EB900A273EE /* ImageTransition */ = {
			isa = PBXGroup;
			children = (
				967F05D0295FF77D00A273EE /* Transition */,
				967F05CB295F2EF200A273EE /* Scenes */,
				967F05B7295F2EB900A273EE /* AppDelegate.swift */,
				967F05B9295F2EB900A273EE /* SceneDelegate.swift */,
				967F05BB295F2EB900A273EE /* ViewController.swift */,
				967F05BD295F2EB900A273EE /* Main.storyboard */,
				967F05C0295F2EBA00A273EE /* Assets.xcassets */,
				967F05C2295F2EBA00A273EE /* LaunchScreen.storyboard */,
				967F05C5295F2EBA00A273EE /* Info.plist */,
			);
			path = ImageTransition;
			sourceTree = "<group>";
		};
		967F05CB295F2EF200A273EE /* Scenes */ = {
			isa = PBXGroup;
			children = (
				967F05CC295F2F1500A273EE /* ImageViewController.swift */,
				967F05CD295F2F1500A273EE /* ImageViewController.xib */,
			);
			path = Scenes;
			sourceTree = "<group>";
		};
		967F05D0295FF77D00A273EE /* Transition */ = {
			isa = PBXGroup;
			children = (
				967F05D1295FF78C00A273EE /* ImagePresentTransition.swift */,
				967F05D329611BA900A273EE /* ImageDismissTransition.swift */,
				967F05D52961815500A273EE /* ImageTransitionManager.swift */,
			);
			path = Transition;
			sourceTree = "<group>";
		};
/* End PBXGroup section */

/* Begin PBXNativeTarget section */
		967F05B3295F2EB900A273EE /* ImageTransition */ = {
			isa = PBXNativeTarget;
			buildConfigurationList = 967F05C8295F2EBA00A273EE /* Build configuration list for PBXNativeTarget "ImageTransition" */;
			buildPhases = (
				7A1F33054E1891BC00E69F16 /* [CP] Check Pods Manifest.lock */,
				967F05B0295F2EB900A273EE /* Sources */,
				967F05B1295F2EB900A273EE /* Frameworks */,
				967F05B2295F2EB900A273EE /* Resources */,
				1D2CFB7DF5CF0C4D5A78C7A3 /* [CP] Embed Pods Frameworks */,
			);
			buildRules = (
			);
			dependencies = (
			);
			name = ImageTransition;
			productName = ImageTransition;
			productReference = 967F05B4295F2EB900A273EE /* ImageTransition.app */;
			productType = "com.apple.product-type.application";
		};
/* End PBXNativeTarget section */

/* Begin PBXProject section */
		967F05AC295F2EB900A273EE /* Project object */ = {
			isa = PBXProject;
			attributes = {
				BuildIndependentTargetsInParallel = 1;
				LastSwiftUpdateCheck = 1410;
				LastUpgradeCheck = 1410;
				TargetAttributes = {
					967F05B3295F2EB900A273EE = {
						CreatedOnToolsVersion = 14.1;
					};
				};
			};
			buildConfigurationList = 967F05AF295F2EB900A273EE /* Build configuration list for PBXProject "ImageTransition" */;
			compatibilityVersion = "Xcode 14.0";
			developmentRegion = en;
			hasScannedForEncodings = 0;
			knownRegions = (
				en,
				Base,
			);
			mainGroup = 967F05AB295F2EB900A273EE;
			productRefGroup = 967F05B5295F2EB900A273EE /* Products */;
			projectDirPath = "";
			projectRoot = "";
			targets = (
				967F05B3295F2EB900A273EE /* ImageTransition */,
			);
		};
/* End PBXProject section */

/* Begin PBXResourcesBuildPhase section */
		967F05B2295F2EB900A273EE /* Resources */ = {
			isa = PBXResourcesBuildPhase;
			buildActionMask = 2147483647;
			files = (
				967F05C4295F2EBA00A273EE /* LaunchScreen.storyboard in Resources */,
				967F05C1295F2EBA00A273EE /* Assets.xcassets in Resources */,
				967F05CF295F2F1500A273EE /* ImageViewController.xib in Resources */,
				967F05BF295F2EB900A273EE /* Main.storyboard in Resources */,
			);
			runOnlyForDeploymentPostprocessing = 0;
		};
/* End PBXResourcesBuildPhase section */

/* Begin PBXShellScriptBuildPhase section */
		1D2CFB7DF5CF0C4D5A78C7A3 /* [CP] Embed Pods Frameworks */ = {
			isa = PBXShellScriptBuildPhase;
			buildActionMask = 2147483647;
			files = (
			);
			inputFileListPaths = (
				"${PODS_ROOT}/Target Support Files/Pods-ImageTransition/Pods-ImageTransition-frameworks-${CONFIGURATION}-input-files.xcfilelist",
			);
			name = "[CP] Embed Pods Frameworks";
			outputFileListPaths = (
				"${PODS_ROOT}/Target Support Files/Pods-ImageTransition/Pods-ImageTransition-frameworks-${CONFIGURATION}-output-files.xcfilelist",
			);
			runOnlyForDeploymentPostprocessing = 0;
			shellPath = /bin/sh;
			shellScript = "\"${PODS_ROOT}/Target Support Files/Pods-ImageTransition/Pods-ImageTransition-frameworks.sh\"\n";
			showEnvVarsInLog = 0;
		};
		7A1F33054E1891BC00E69F16 /* [CP] Check Pods Manifest.lock */ = {
			isa = PBXShellScriptBuildPhase;
			buildActionMask = 2147483647;
			files = (
			);
			inputFileListPaths = (
			);
			inputPaths = (
				"${PODS_PODFILE_DIR_PATH}/Podfile.lock",
				"${PODS_ROOT}/Manifest.lock",
			);
			name = "[CP] Check Pods Manifest.lock";
			outputFileListPaths = (
			);
			outputPaths = (
				"$(DERIVED_FILE_DIR)/Pods-ImageTransition-checkManifestLockResult.txt",
			);
			runOnlyForDeploymentPostprocessing = 0;
			shellPath = /bin/sh;
			shellScript = "diff \"${PODS_PODFILE_DIR_PATH}/Podfile.lock\" \"${PODS_ROOT}/Manifest.lock\" > /dev/null\nif [ $? != 0 ] ; then\n    # print error to STDERR\n    echo \"error: The sandbox is not in sync with the Podfile.lock. Run 'pod install' or update your CocoaPods installation.\" >&2\n    exit 1\nfi\n# This output is used by Xcode 'outputs' to avoid re-running this script phase.\necho \"SUCCESS\" > \"${SCRIPT_OUTPUT_FILE_0}\"\n";
			showEnvVarsInLog = 0;
		};
/* End PBXShellScriptBuildPhase section */

/* Begin PBXSourcesBuildPhase section */
		967F05B0295F2EB900A273EE /* Sources */ = {
			isa = PBXSourcesBuildPhase;
			buildActionMask = 2147483647;
			files = (
				967F05BC295F2EB900A273EE /* ViewController.swift in Sources */,
				967F05B8295F2EB900A273EE /* AppDelegate.swift in Sources */,
				967F05CE295F2F1500A273EE /* ImageViewController.swift in Sources */,
				967F05D429611BA900A273EE /* ImageDismissTransition.swift in Sources */,
				967F05D62961815500A273EE /* ImageTransitionManager.swift in Sources */,
				967F05BA295F2EB900A273EE /* SceneDelegate.swift in Sources */,
				967F05D2295FF78C00A273EE /* ImagePresentTransition.swift in Sources */,
			);
			runOnlyForDeploymentPostprocessing = 0;
		};
/* End PBXSourcesBuildPhase section */

/* Begin PBXVariantGroup section */
		967F05BD295F2EB900A273EE /* Main.storyboard */ = {
			isa = PBXVariantGroup;
			children = (
				967F05BE295F2EB900A273EE /* Base */,
			);
			name = Main.storyboard;
			sourceTree = "<group>";
		};
		967F05C2295F2EBA00A273EE /* LaunchScreen.storyboard */ = {
			isa = PBXVariantGroup;
			children = (
				967F05C3295F2EBA00A273EE /* Base */,
			);
			name = LaunchScreen.storyboard;
			sourceTree = "<group>";
		};
/* End PBXVariantGroup section */

/* Begin XCBuildConfiguration section */
		967F05C6295F2EBA00A273EE /* Debug */ = {
			isa = XCBuildConfiguration;
			buildSettings = {
				ALWAYS_SEARCH_USER_PATHS = NO;
				CLANG_ANALYZER_NONNULL = YES;
				CLANG_ANALYZER_NUMBER_OBJECT_CONVERSION = YES_AGGRESSIVE;
				CLANG_CXX_LANGUAGE_STANDARD = "gnu++20";
				CLANG_ENABLE_MODULES = YES;
				CLANG_ENABLE_OBJC_ARC = YES;
				CLANG_ENABLE_OBJC_WEAK = YES;
				CLANG_WARN_BLOCK_CAPTURE_AUTORELEASING = YES;
				CLANG_WARN_BOOL_CONVERSION = YES;
				CLANG_WARN_COMMA = YES;
				CLANG_WARN_CONSTANT_CONVERSION = YES;
				CLANG_WARN_DEPRECATED_OBJC_IMPLEMENTATIONS = YES;
				CLANG_WARN_DIRECT_OBJC_ISA_USAGE = YES_ERROR;
				CLANG_WARN_DOCUMENTATION_COMMENTS = YES;
				CLANG_WARN_EMPTY_BODY = YES;
				CLANG_WARN_ENUM_CONVERSION = YES;
				CLANG_WARN_INFINITE_RECURSION = YES;
				CLANG_WARN_INT_CONVERSION = YES;
				CLANG_WARN_NON_LITERAL_NULL_CONVERSION = YES;
				CLANG_WARN_OBJC_IMPLICIT_RETAIN_SELF = YES;
				CLANG_WARN_OBJC_LITERAL_CONVERSION = YES;
				CLANG_WARN_OBJC_ROOT_CLASS = YES_ERROR;
				CLANG_WARN_QUOTED_INCLUDE_IN_FRAMEWORK_HEADER = YES;
				CLANG_WARN_RANGE_LOOP_ANALYSIS = YES;
				CLANG_WARN_STRICT_PROTOTYPES = YES;
				CLANG_WARN_SUSPICIOUS_MOVE = YES;
				CLANG_WARN_UNGUARDED_AVAILABILITY = YES_AGGRESSIVE;
				CLANG_WARN_UNREACHABLE_CODE = YES;
				CLANG_WARN__DUPLICATE_METHOD_MATCH = YES;
				COPY_PHASE_STRIP = NO;
				DEBUG_INFORMATION_FORMAT = dwarf;
				ENABLE_STRICT_OBJC_MSGSEND = YES;
				ENABLE_TESTABILITY = YES;
				GCC_C_LANGUAGE_STANDARD = gnu11;
				GCC_DYNAMIC_NO_PIC = NO;
				GCC_NO_COMMON_BLOCKS = YES;
				GCC_OPTIMIZATION_LEVEL = 0;
				GCC_PREPROCESSOR_DEFINITIONS = (
					"DEBUG=1",
					"$(inherited)",
				);
				GCC_WARN_64_TO_32_BIT_CONVERSION = YES;
				GCC_WARN_ABOUT_RETURN_TYPE = YES_ERROR;
				GCC_WARN_UNDECLARED_SELECTOR = YES;
				GCC_WARN_UNINITIALIZED_AUTOS = YES_AGGRESSIVE;
				GCC_WARN_UNUSED_FUNCTION = YES;
				GCC_WARN_UNUSED_VARIABLE = YES;
				IPHONEOS_DEPLOYMENT_TARGET = 13.0;
				MTL_ENABLE_DEBUG_INFO = INCLUDE_SOURCE;
				MTL_FAST_MATH = YES;
				ONLY_ACTIVE_ARCH = YES;
				SDKROOT = iphoneos;
				SWIFT_ACTIVE_COMPILATION_CONDITIONS = DEBUG;
				SWIFT_OPTIMIZATION_LEVEL = "-Onone";
			};
			name = Debug;
		};
		967F05C7295F2EBA00A273EE /* Release */ = {
			isa = XCBuildConfiguration;
			buildSettings = {
				ALWAYS_SEARCH_USER_PATHS = NO;
				CLANG_ANALYZER_NONNULL = YES;
				CLANG_ANALYZER_NUMBER_OBJECT_CONVERSION = YES_AGGRESSIVE;
				CLANG_CXX_LANGUAGE_STANDARD = "gnu++20";
				CLANG_ENABLE_MODULES = YES;
				CLANG_ENABLE_OBJC_ARC = YES;
				CLANG_ENABLE_OBJC_WEAK = YES;
				CLANG_WARN_BLOCK_CAPTURE_AUTORELEASING = YES;
				CLANG_WARN_BOOL_CONVERSION = YES;
				CLANG_WARN_COMMA = YES;
				CLANG_WARN_CONSTANT_CONVERSION = YES;
				CLANG_WARN_DEPRECATED_OBJC_IMPLEMENTATIONS = YES;
				CLANG_WARN_DIRECT_OBJC_ISA_USAGE = YES_ERROR;
				CLANG_WARN_DOCUMENTATION_COMMENTS = YES;
				CLANG_WARN_EMPTY_BODY = YES;
				CLANG_WARN_ENUM_CONVERSION = YES;
				CLANG_WARN_INFINITE_RECURSION = YES;
				CLANG_WARN_INT_CONVERSION = YES;
				CLANG_WARN_NON_LITERAL_NULL_CONVERSION = YES;
				CLANG_WARN_OBJC_IMPLICIT_RETAIN_SELF = YES;
				CLANG_WARN_OBJC_LITERAL_CONVERSION = YES;
				CLANG_WARN_OBJC_ROOT_CLASS = YES_ERROR;
				CLANG_WARN_QUOTED_INCLUDE_IN_FRAMEWORK_HEADER = YES;
				CLANG_WARN_RANGE_LOOP_ANALYSIS = YES;
				CLANG_WARN_STRICT_PROTOTYPES = YES;
				CLANG_WARN_SUSPICIOUS_MOVE = YES;
				CLANG_WARN_UNGUARDED_AVAILABILITY = YES_AGGRESSIVE;
				CLANG_WARN_UNREACHABLE_CODE = YES;
				CLANG_WARN__DUPLICATE_METHOD_MATCH = YES;
				COPY_PHASE_STRIP = NO;
				DEBUG_INFORMATION_FORMAT = "dwarf-with-dsym";
				ENABLE_NS_ASSERTIONS = NO;
				ENABLE_STRICT_OBJC_MSGSEND = YES;
				GCC_C_LANGUAGE_STANDARD = gnu11;
				GCC_NO_COMMON_BLOCKS = YES;
				GCC_WARN_64_TO_32_BIT_CONVERSION = YES;
				GCC_WARN_ABOUT_RETURN_TYPE = YES_ERROR;
				GCC_WARN_UNDECLARED_SELECTOR = YES;
				GCC_WARN_UNINITIALIZED_AUTOS = YES_AGGRESSIVE;
				GCC_WARN_UNUSED_FUNCTION = YES;
				GCC_WARN_UNUSED_VARIABLE = YES;
				IPHONEOS_DEPLOYMENT_TARGET = 13.0;
				MTL_ENABLE_DEBUG_INFO = NO;
				MTL_FAST_MATH = YES;
				SDKROOT = iphoneos;
				SWIFT_COMPILATION_MODE = wholemodule;
				SWIFT_OPTIMIZATION_LEVEL = "-O";
				VALIDATE_PRODUCT = YES;
			};
			name = Release;
		};
		967F05C9295F2EBA00A273EE /* Debug */ = {
			isa = XCBuildConfiguration;
			baseConfigurationReference = 01B51DD21D698BC2AD550F2B /* Pods-ImageTransition.debug.xcconfig */;
			buildSettings = {
				ASSETCATALOG_COMPILER_APPICON_NAME = AppIcon;
				ASSETCATALOG_COMPILER_GLOBAL_ACCENT_COLOR_NAME = AccentColor;
				CODE_SIGN_STYLE = Automatic;
				CURRENT_PROJECT_VERSION = 1;
				GENERATE_INFOPLIST_FILE = YES;
				INFOPLIST_FILE = ImageTransition/Info.plist;
				INFOPLIST_KEY_UIApplicationSupportsIndirectInputEvents = YES;
				INFOPLIST_KEY_UILaunchStoryboardName = LaunchScreen;
				INFOPLIST_KEY_UIMainStoryboardFile = Main;
				INFOPLIST_KEY_UISupportedInterfaceOrientations_iPad = "UIInterfaceOrientationPortrait UIInterfaceOrientationPortraitUpsideDown UIInterfaceOrientationLandscapeLeft UIInterfaceOrientationLandscapeRight";
				INFOPLIST_KEY_UISupportedInterfaceOrientations_iPhone = "UIInterfaceOrientationPortrait UIInterfaceOrientationLandscapeLeft UIInterfaceOrientationLandscapeRight";
				IPHONEOS_DEPLOYMENT_TARGET = 13.0;
				LD_RUNPATH_SEARCH_PATHS = (
					"$(inherited)",
					"@executable_path/Frameworks",
				);
				MARKETING_VERSION = 1.0;
				PRODUCT_BUNDLE_IDENTIFIER = cuong.ios.ImageTransition;
				PRODUCT_NAME = "$(TARGET_NAME)";
				SUPPORTED_PLATFORMS = "iphoneos iphonesimulator";
				SUPPORTS_MACCATALYST = NO;
				SUPPORTS_MAC_DESIGNED_FOR_IPHONE_IPAD = NO;
				SWIFT_EMIT_LOC_STRINGS = YES;
				SWIFT_VERSION = 5.0;
				TARGETED_DEVICE_FAMILY = 1;
			};
			name = Debug;
		};
		967F05CA295F2EBA00A273EE /* Release */ = {
			isa = XCBuildConfiguration;
			baseConfigurationReference = 7A61D21DC5DAA0272CC7F2B4 /* Pods-ImageTransition.release.xcconfig */;
			buildSettings = {
				ASSETCATALOG_COMPILER_APPICON_NAME = AppIcon;
				ASSETCATALOG_COMPILER_GLOBAL_ACCENT_COLOR_NAME = AccentColor;
				CODE_SIGN_STYLE = Automatic;
				CURRENT_PROJECT_VERSION = 1;
				GENERATE_INFOPLIST_FILE = YES;
				INFOPLIST_FILE = ImageTransition/Info.plist;
				INFOPLIST_KEY_UIApplicationSupportsIndirectInputEvents = YES;
				INFOPLIST_KEY_UILaunchStoryboardName = LaunchScreen;
				INFOPLIST_KEY_UIMainStoryboardFile = Main;
				INFOPLIST_KEY_UISupportedInterfaceOrientations_iPad = "UIInterfaceOrientationPortrait UIInterfaceOrientationPortraitUpsideDown UIInterfaceOrientationLandscapeLeft UIInterfaceOrientationLandscapeRight";
				INFOPLIST_KEY_UISupportedInterfaceOrientations_iPhone = "UIInterfaceOrientationPortrait UIInterfaceOrientationLandscapeLeft UIInterfaceOrientationLandscapeRight";
				IPHONEOS_DEPLOYMENT_TARGET = 13.0;
				LD_RUNPATH_SEARCH_PATHS = (
					"$(inherited)",
					"@executable_path/Frameworks",
				);
				MARKETING_VERSION = 1.0;
				PRODUCT_BUNDLE_IDENTIFIER = cuong.ios.ImageTransition;
				PRODUCT_NAME = "$(TARGET_NAME)";
				SUPPORTED_PLATFORMS = "iphoneos iphonesimulator";
				SUPPORTS_MACCATALYST = NO;
				SUPPORTS_MAC_DESIGNED_FOR_IPHONE_IPAD = NO;
				SWIFT_EMIT_LOC_STRINGS = YES;
				SWIFT_VERSION = 5.0;
				TARGETED_DEVICE_FAMILY = 1;
			};
			name = Release;
		};
/* End XCBuildConfiguration section */

/* Begin XCConfigurationList section */
		967F05AF295F2EB900A273EE /* Build configuration list for PBXProject "ImageTransition" */ = {
			isa = XCConfigurationList;
			buildConfigurations = (
				967F05C6295F2EBA00A273EE /* Debug */,
				967F05C7295F2EBA00A273EE /* Release */,
			);
			defaultConfigurationIsVisible = 0;
			defaultConfigurationName = Release;
		};
		967F05C8295F2EBA00A273EE /* Build configuration list for PBXNativeTarget "ImageTransition" */ = {
			isa = XCConfigurationList;
			buildConfigurations = (
				967F05C9295F2EBA00A273EE /* Debug */,
				967F05CA295F2EBA00A273EE /* Release */,
			);
			defaultConfigurationIsVisible = 0;
			defaultConfigurationName = Release;
		};
/* End XCConfigurationList section */
	};
	rootObject = 967F05AC295F2EB900A273EE /* Project object */;
}
